// !$*UTF8*$!
{
	archiveVersion = 1;
	classes = {
	};
	objectVersion = 46;
	objects = {

/* Begin PBXBuildFile section */
		7B22BC09177F2EE200AB36E4 /* UIKit.framework in Frameworks */ = {isa = PBXBuildFile; fileRef = 7B22BC08177F2EE200AB36E4 /* UIKit.framework */; };
		7B22BC0B177F2EE200AB36E4 /* Foundation.framework in Frameworks */ = {isa = PBXBuildFile; fileRef = 7B22BC0A177F2EE200AB36E4 /* Foundation.framework */; };
		7B22BC0D177F2EE200AB36E4 /* CoreGraphics.framework in Frameworks */ = {isa = PBXBuildFile; fileRef = 7B22BC0C177F2EE200AB36E4 /* CoreGraphics.framework */; };
		7B22BC0F177F2EE200AB36E4 /* CoreData.framework in Frameworks */ = {isa = PBXBuildFile; fileRef = 7B22BC0E177F2EE200AB36E4 /* CoreData.framework */; };
		7B22BC15177F2EE200AB36E4 /* InfoPlist.strings in Resources */ = {isa = PBXBuildFile; fileRef = 7B22BC13177F2EE200AB36E4 /* InfoPlist.strings */; };
		7B22BC17177F2EE200AB36E4 /* main.m in Sources */ = {isa = PBXBuildFile; fileRef = 7B22BC16177F2EE200AB36E4 /* main.m */; };
		7B22BC1B177F2EE200AB36E4 /* RIAppDelegate.m in Sources */ = {isa = PBXBuildFile; fileRef = 7B22BC1A177F2EE200AB36E4 /* RIAppDelegate.m */; };
		7B22BC1D177F2EE200AB36E4 /* Default.png in Resources */ = {isa = PBXBuildFile; fileRef = 7B22BC1C177F2EE200AB36E4 /* Default.png */; };
		7B22BC1F177F2EE200AB36E4 /* Default@2x.png in Resources */ = {isa = PBXBuildFile; fileRef = 7B22BC1E177F2EE200AB36E4 /* Default@2x.png */; };
		7B22BC21177F2EE200AB36E4 /* Default-568h@2x.png in Resources */ = {isa = PBXBuildFile; fileRef = 7B22BC20177F2EE200AB36E4 /* Default-568h@2x.png */; };
		7B22BC24177F2EE200AB36E4 /* timelyManner.xcdatamodeld in Sources */ = {isa = PBXBuildFile; fileRef = 7B22BC22177F2EE200AB36E4 /* timelyManner.xcdatamodeld */; };
		7B22BC2C177F2EE200AB36E4 /* SenTestingKit.framework in Frameworks */ = {isa = PBXBuildFile; fileRef = 7B22BC2B177F2EE200AB36E4 /* SenTestingKit.framework */; };
		7B22BC2D177F2EE200AB36E4 /* UIKit.framework in Frameworks */ = {isa = PBXBuildFile; fileRef = 7B22BC08177F2EE200AB36E4 /* UIKit.framework */; };
		7B22BC2E177F2EE200AB36E4 /* Foundation.framework in Frameworks */ = {isa = PBXBuildFile; fileRef = 7B22BC0A177F2EE200AB36E4 /* Foundation.framework */; };
		7B22BC2F177F2EE200AB36E4 /* CoreData.framework in Frameworks */ = {isa = PBXBuildFile; fileRef = 7B22BC0E177F2EE200AB36E4 /* CoreData.framework */; };
		7B22BC37177F2EE200AB36E4 /* InfoPlist.strings in Resources */ = {isa = PBXBuildFile; fileRef = 7B22BC35177F2EE200AB36E4 /* InfoPlist.strings */; };
		7B22BC3A177F2EE200AB36E4 /* timelyMannerTests.m in Sources */ = {isa = PBXBuildFile; fileRef = 7B22BC39177F2EE200AB36E4 /* timelyMannerTests.m */; };
		7B35182F177F2FC700E0FF72 /* Storyboard.storyboard in Resources */ = {isa = PBXBuildFile; fileRef = 7B35182E177F2FC700E0FF72 /* Storyboard.storyboard */; };
		7B351833177F307300E0FF72 /* RITasksViewController.m in Sources */ = {isa = PBXBuildFile; fileRef = 7B351832177F307300E0FF72 /* RITasksViewController.m */; };
		7B351836177F324400E0FF72 /* TaskCell.xib in Resources */ = {isa = PBXBuildFile; fileRef = 7B351835177F324400E0FF72 /* TaskCell.xib */; };
		7B351839177F326200E0FF72 /* RITaskCell.m in Sources */ = {isa = PBXBuildFile; fileRef = 7B351838177F326200E0FF72 /* RITaskCell.m */; };
		7B8641001780CF9E0009350C /* Instance.m in Sources */ = {isa = PBXBuildFile; fileRef = 7B8640FF1780CF9E0009350C /* Instance.m */; };
		7B96717D17924572005D00E0 /* RIActiveInstanceCell.m in Sources */ = {isa = PBXBuildFile; fileRef = 7B96717C17924572005D00E0 /* RIActiveInstanceCell.m */; };
		7B96717F179246CB005D00E0 /* ActiveInstanceCell.xib in Resources */ = {isa = PBXBuildFile; fileRef = 7B96717E179246CA005D00E0 /* ActiveInstanceCell.xib */; };
		7B9671861794D075005D00E0 /* Task.m in Sources */ = {isa = PBXBuildFile; fileRef = 7B9671851794D075005D00E0 /* Task.m */; };
		7BA37E39178CE10D00CAED39 /* RIStopWatchDetailViewController.m in Sources */ = {isa = PBXBuildFile; fileRef = 7BA37E38178CE10D00CAED39 /* RIStopWatchDetailViewController.m */; };
		7BA37E3C178CE11A00CAED39 /* RITimerDetailViewController.m in Sources */ = {isa = PBXBuildFile; fileRef = 7BA37E3B178CE11A00CAED39 /* RITimerDetailViewController.m */; };
		7BA37E3F178CE12B00CAED39 /* RITripDetailViewController.m in Sources */ = {isa = PBXBuildFile; fileRef = 7BA37E3E178CE12B00CAED39 /* RITripDetailViewController.m */; };
		7BA85A2A1796163B00091845 /* RIStartInstanceViewController.m in Sources */ = {isa = PBXBuildFile; fileRef = 7BA85A291796163B00091845 /* RIStartInstanceViewController.m */; };
		7BA85A2F179619E100091845 /* RIInstanceCell.m in Sources */ = {isa = PBXBuildFile; fileRef = 7BA85A2E179619E100091845 /* RIInstanceCell.m */; };
		7BA85A31179619F300091845 /* InstanceCell.xib in Resources */ = {isa = PBXBuildFile; fileRef = 7BA85A30179619F300091845 /* InstanceCell.xib */; };
		7BA85A3617961C8B00091845 /* RITimeHelper.m in Sources */ = {isa = PBXBuildFile; fileRef = 7BA85A3517961C8B00091845 /* RITimeHelper.m */; };
		7BBB6656178B874800F22C03 /* RICreateTaskViewController.m in Sources */ = {isa = PBXBuildFile; fileRef = 7BBB6655178B874800F22C03 /* RICreateTaskViewController.m */; };
		7BBB6659178B8AF400F22C03 /* RICreateStopWatchTaskViewController.m in Sources */ = {isa = PBXBuildFile; fileRef = 7BBB6658178B8AF400F22C03 /* RICreateStopWatchTaskViewController.m */; };
		7BBB665C178B8E8400F22C03 /* RITaskManager.m in Sources */ = {isa = PBXBuildFile; fileRef = 7BBB665B178B8E8400F22C03 /* RITaskManager.m */; };
		7BBB665F178B954B00F22C03 /* RIActiveInstancesViewController.m in Sources */ = {isa = PBXBuildFile; fileRef = 7BBB665E178B954B00F22C03 /* RIActiveInstancesViewController.m */; };
		7BBB6663178B97F100F22C03 /* RICreateTimerTaskViewController.m in Sources */ = {isa = PBXBuildFile; fileRef = 7BBB6662178B97F100F22C03 /* RICreateTimerTaskViewController.m */; };
		7BBB6666178B980500F22C03 /* RICreateTripTaskViewController.m in Sources */ = {isa = PBXBuildFile; fileRef = 7BBB6665178B980500F22C03 /* RICreateTripTaskViewController.m */; };
/* End PBXBuildFile section */

/* Begin PBXContainerItemProxy section */
		7B22BC30177F2EE200AB36E4 /* PBXContainerItemProxy */ = {
			isa = PBXContainerItemProxy;
			containerPortal = 7B22BBFD177F2EE200AB36E4 /* Project object */;
			proxyType = 1;
			remoteGlobalIDString = 7B22BC04177F2EE200AB36E4;
			remoteInfo = timelyManner;
		};
/* End PBXContainerItemProxy section */

/* Begin PBXFileReference section */
		7B22BC05177F2EE200AB36E4 /* timelyManner.app */ = {isa = PBXFileReference; explicitFileType = wrapper.application; includeInIndex = 0; path = timelyManner.app; sourceTree = BUILT_PRODUCTS_DIR; };
		7B22BC08177F2EE200AB36E4 /* UIKit.framework */ = {isa = PBXFileReference; lastKnownFileType = wrapper.framework; name = UIKit.framework; path = System/Library/Frameworks/UIKit.framework; sourceTree = SDKROOT; };
		7B22BC0A177F2EE200AB36E4 /* Foundation.framework */ = {isa = PBXFileReference; lastKnownFileType = wrapper.framework; name = Foundation.framework; path = System/Library/Frameworks/Foundation.framework; sourceTree = SDKROOT; };
		7B22BC0C177F2EE200AB36E4 /* CoreGraphics.framework */ = {isa = PBXFileReference; lastKnownFileType = wrapper.framework; name = CoreGraphics.framework; path = System/Library/Frameworks/CoreGraphics.framework; sourceTree = SDKROOT; };
		7B22BC0E177F2EE200AB36E4 /* CoreData.framework */ = {isa = PBXFileReference; lastKnownFileType = wrapper.framework; name = CoreData.framework; path = System/Library/Frameworks/CoreData.framework; sourceTree = SDKROOT; };
		7B22BC12177F2EE200AB36E4 /* timelyManner-Info.plist */ = {isa = PBXFileReference; lastKnownFileType = text.plist.xml; path = "timelyManner-Info.plist"; sourceTree = "<group>"; };
		7B22BC14177F2EE200AB36E4 /* en */ = {isa = PBXFileReference; lastKnownFileType = text.plist.strings; name = en; path = en.lproj/InfoPlist.strings; sourceTree = "<group>"; };
		7B22BC16177F2EE200AB36E4 /* main.m */ = {isa = PBXFileReference; lastKnownFileType = sourcecode.c.objc; path = main.m; sourceTree = "<group>"; };
		7B22BC18177F2EE200AB36E4 /* timelyManner-Prefix.pch */ = {isa = PBXFileReference; lastKnownFileType = sourcecode.c.h; path = "timelyManner-Prefix.pch"; sourceTree = "<group>"; };
		7B22BC19177F2EE200AB36E4 /* RIAppDelegate.h */ = {isa = PBXFileReference; lastKnownFileType = sourcecode.c.h; path = RIAppDelegate.h; sourceTree = "<group>"; };
		7B22BC1A177F2EE200AB36E4 /* RIAppDelegate.m */ = {isa = PBXFileReference; lastKnownFileType = sourcecode.c.objc; path = RIAppDelegate.m; sourceTree = "<group>"; };
		7B22BC1C177F2EE200AB36E4 /* Default.png */ = {isa = PBXFileReference; lastKnownFileType = image.png; path = Default.png; sourceTree = "<group>"; };
		7B22BC1E177F2EE200AB36E4 /* Default@2x.png */ = {isa = PBXFileReference; lastKnownFileType = image.png; path = "Default@2x.png"; sourceTree = "<group>"; };
		7B22BC20177F2EE200AB36E4 /* Default-568h@2x.png */ = {isa = PBXFileReference; lastKnownFileType = image.png; path = "Default-568h@2x.png"; sourceTree = "<group>"; };
		7B22BC23177F2EE200AB36E4 /* timelyManner.xcdatamodel */ = {isa = PBXFileReference; lastKnownFileType = wrapper.xcdatamodel; path = timelyManner.xcdatamodel; sourceTree = "<group>"; };
		7B22BC2A177F2EE200AB36E4 /* timelyMannerTests.octest */ = {isa = PBXFileReference; explicitFileType = wrapper.cfbundle; includeInIndex = 0; path = timelyMannerTests.octest; sourceTree = BUILT_PRODUCTS_DIR; };
		7B22BC2B177F2EE200AB36E4 /* SenTestingKit.framework */ = {isa = PBXFileReference; lastKnownFileType = wrapper.framework; name = SenTestingKit.framework; path = Library/Frameworks/SenTestingKit.framework; sourceTree = DEVELOPER_DIR; };
		7B22BC34177F2EE200AB36E4 /* timelyMannerTests-Info.plist */ = {isa = PBXFileReference; lastKnownFileType = text.plist.xml; path = "timelyMannerTests-Info.plist"; sourceTree = "<group>"; };
		7B22BC36177F2EE200AB36E4 /* en */ = {isa = PBXFileReference; lastKnownFileType = text.plist.strings; name = en; path = en.lproj/InfoPlist.strings; sourceTree = "<group>"; };
		7B22BC38177F2EE200AB36E4 /* timelyMannerTests.h */ = {isa = PBXFileReference; lastKnownFileType = sourcecode.c.h; path = timelyMannerTests.h; sourceTree = "<group>"; };
		7B22BC39177F2EE200AB36E4 /* timelyMannerTests.m */ = {isa = PBXFileReference; lastKnownFileType = sourcecode.c.objc; path = timelyMannerTests.m; sourceTree = "<group>"; };
		7B35182E177F2FC700E0FF72 /* Storyboard.storyboard */ = {isa = PBXFileReference; fileEncoding = 4; lastKnownFileType = file.storyboard; path = Storyboard.storyboard; sourceTree = "<group>"; };
		7B351831177F307300E0FF72 /* RITasksViewController.h */ = {isa = PBXFileReference; fileEncoding = 4; lastKnownFileType = sourcecode.c.h; path = RITasksViewController.h; sourceTree = "<group>"; };
		7B351832177F307300E0FF72 /* RITasksViewController.m */ = {isa = PBXFileReference; fileEncoding = 4; lastKnownFileType = sourcecode.c.objc; path = RITasksViewController.m; sourceTree = "<group>"; };
		7B351835177F324400E0FF72 /* TaskCell.xib */ = {isa = PBXFileReference; fileEncoding = 4; lastKnownFileType = file.xib; path = TaskCell.xib; sourceTree = "<group>"; };
		7B351837177F326200E0FF72 /* RITaskCell.h */ = {isa = PBXFileReference; fileEncoding = 4; lastKnownFileType = sourcecode.c.h; path = RITaskCell.h; sourceTree = "<group>"; };
		7B351838177F326200E0FF72 /* RITaskCell.m */ = {isa = PBXFileReference; fileEncoding = 4; lastKnownFileType = sourcecode.c.objc; path = RITaskCell.m; sourceTree = "<group>"; };
		7B8640FE1780CF9E0009350C /* Instance.h */ = {isa = PBXFileReference; fileEncoding = 4; lastKnownFileType = sourcecode.c.h; path = Instance.h; sourceTree = "<group>"; };
		7B8640FF1780CF9E0009350C /* Instance.m */ = {isa = PBXFileReference; fileEncoding = 4; lastKnownFileType = sourcecode.c.objc; path = Instance.m; sourceTree = "<group>"; };
		7B96717B17924572005D00E0 /* RIActiveInstanceCell.h */ = {isa = PBXFileReference; fileEncoding = 4; lastKnownFileType = sourcecode.c.h; path = RIActiveInstanceCell.h; sourceTree = "<group>"; };
		7B96717C17924572005D00E0 /* RIActiveInstanceCell.m */ = {isa = PBXFileReference; fileEncoding = 4; lastKnownFileType = sourcecode.c.objc; path = RIActiveInstanceCell.m; sourceTree = "<group>"; };
		7B96717E179246CA005D00E0 /* ActiveInstanceCell.xib */ = {isa = PBXFileReference; fileEncoding = 4; lastKnownFileType = file.xib; path = ActiveInstanceCell.xib; sourceTree = "<group>"; };
		7B9671841794D075005D00E0 /* Task.h */ = {isa = PBXFileReference; fileEncoding = 4; lastKnownFileType = sourcecode.c.h; path = Task.h; sourceTree = "<group>"; };
		7B9671851794D075005D00E0 /* Task.m */ = {isa = PBXFileReference; fileEncoding = 4; lastKnownFileType = sourcecode.c.objc; path = Task.m; sourceTree = "<group>"; };
		7BA37E37178CE10C00CAED39 /* RIStopWatchDetailViewController.h */ = {isa = PBXFileReference; fileEncoding = 4; lastKnownFileType = sourcecode.c.h; path = RIStopWatchDetailViewController.h; sourceTree = "<group>"; };
		7BA37E38178CE10D00CAED39 /* RIStopWatchDetailViewController.m */ = {isa = PBXFileReference; fileEncoding = 4; lastKnownFileType = sourcecode.c.objc; path = RIStopWatchDetailViewController.m; sourceTree = "<group>"; };
		7BA37E3A178CE11A00CAED39 /* RITimerDetailViewController.h */ = {isa = PBXFileReference; fileEncoding = 4; lastKnownFileType = sourcecode.c.h; path = RITimerDetailViewController.h; sourceTree = "<group>"; };
		7BA37E3B178CE11A00CAED39 /* RITimerDetailViewController.m */ = {isa = PBXFileReference; fileEncoding = 4; lastKnownFileType = sourcecode.c.objc; path = RITimerDetailViewController.m; sourceTree = "<group>"; };
		7BA37E3D178CE12B00CAED39 /* RITripDetailViewController.h */ = {isa = PBXFileReference; fileEncoding = 4; lastKnownFileType = sourcecode.c.h; path = RITripDetailViewController.h; sourceTree = "<group>"; };
		7BA37E3E178CE12B00CAED39 /* RITripDetailViewController.m */ = {isa = PBXFileReference; fileEncoding = 4; lastKnownFileType = sourcecode.c.objc; path = RITripDetailViewController.m; sourceTree = "<group>"; };
		7BA85A281796163B00091845 /* RIStartInstanceViewController.h */ = {isa = PBXFileReference; fileEncoding = 4; lastKnownFileType = sourcecode.c.h; path = RIStartInstanceViewController.h; sourceTree = "<group>"; };
		7BA85A291796163B00091845 /* RIStartInstanceViewController.m */ = {isa = PBXFileReference; fileEncoding = 4; lastKnownFileType = sourcecode.c.objc; path = RIStartInstanceViewController.m; sourceTree = "<group>"; };
		7BA85A2D179619E100091845 /* RIInstanceCell.h */ = {isa = PBXFileReference; fileEncoding = 4; lastKnownFileType = sourcecode.c.h; path = RIInstanceCell.h; sourceTree = "<group>"; };
		7BA85A2E179619E100091845 /* RIInstanceCell.m */ = {isa = PBXFileReference; fileEncoding = 4; lastKnownFileType = sourcecode.c.objc; path = RIInstanceCell.m; sourceTree = "<group>"; };
		7BA85A30179619F300091845 /* InstanceCell.xib */ = {isa = PBXFileReference; fileEncoding = 4; lastKnownFileType = file.xib; path = InstanceCell.xib; sourceTree = "<group>"; };
		7BA85A3417961C8B00091845 /* RITimeHelper.h */ = {isa = PBXFileReference; fileEncoding = 4; lastKnownFileType = sourcecode.c.h; path = RITimeHelper.h; sourceTree = "<group>"; };
		7BA85A3517961C8B00091845 /* RITimeHelper.m */ = {isa = PBXFileReference; fileEncoding = 4; lastKnownFileType = sourcecode.c.objc; path = RITimeHelper.m; sourceTree = "<group>"; };
		7BBB6654178B874800F22C03 /* RICreateTaskViewController.h */ = {isa = PBXFileReference; fileEncoding = 4; lastKnownFileType = sourcecode.c.h; path = RICreateTaskViewController.h; sourceTree = "<group>"; };
		7BBB6655178B874800F22C03 /* RICreateTaskViewController.m */ = {isa = PBXFileReference; fileEncoding = 4; lastKnownFileType = sourcecode.c.objc; path = RICreateTaskViewController.m; sourceTree = "<group>"; };
		7BBB6657178B8AF400F22C03 /* RICreateStopWatchTaskViewController.h */ = {isa = PBXFileReference; fileEncoding = 4; lastKnownFileType = sourcecode.c.h; path = RICreateStopWatchTaskViewController.h; sourceTree = "<group>"; };
		7BBB6658178B8AF400F22C03 /* RICreateStopWatchTaskViewController.m */ = {isa = PBXFileReference; fileEncoding = 4; lastKnownFileType = sourcecode.c.objc; path = RICreateStopWatchTaskViewController.m; sourceTree = "<group>"; };
		7BBB665A178B8E8400F22C03 /* RITaskManager.h */ = {isa = PBXFileReference; fileEncoding = 4; lastKnownFileType = sourcecode.c.h; path = RITaskManager.h; sourceTree = "<group>"; };
		7BBB665B178B8E8400F22C03 /* RITaskManager.m */ = {isa = PBXFileReference; fileEncoding = 4; lastKnownFileType = sourcecode.c.objc; path = RITaskManager.m; sourceTree = "<group>"; };
		7BBB665D178B954B00F22C03 /* RIActiveInstancesViewController.h */ = {isa = PBXFileReference; fileEncoding = 4; lastKnownFileType = sourcecode.c.h; path = RIActiveInstancesViewController.h; sourceTree = "<group>"; };
		7BBB665E178B954B00F22C03 /* RIActiveInstancesViewController.m */ = {isa = PBXFileReference; fileEncoding = 4; lastKnownFileType = sourcecode.c.objc; path = RIActiveInstancesViewController.m; sourceTree = "<group>"; };
		7BBB6661178B97F100F22C03 /* RICreateTimerTaskViewController.h */ = {isa = PBXFileReference; fileEncoding = 4; lastKnownFileType = sourcecode.c.h; path = RICreateTimerTaskViewController.h; sourceTree = "<group>"; };
		7BBB6662178B97F100F22C03 /* RICreateTimerTaskViewController.m */ = {isa = PBXFileReference; fileEncoding = 4; lastKnownFileType = sourcecode.c.objc; path = RICreateTimerTaskViewController.m; sourceTree = "<group>"; };
		7BBB6664178B980500F22C03 /* RICreateTripTaskViewController.h */ = {isa = PBXFileReference; fileEncoding = 4; lastKnownFileType = sourcecode.c.h; path = RICreateTripTaskViewController.h; sourceTree = "<group>"; };
		7BBB6665178B980500F22C03 /* RICreateTripTaskViewController.m */ = {isa = PBXFileReference; fileEncoding = 4; lastKnownFileType = sourcecode.c.objc; path = RICreateTripTaskViewController.m; sourceTree = "<group>"; };
/* End PBXFileReference section */

/* Begin PBXFrameworksBuildPhase section */
		7B22BC02177F2EE200AB36E4 /* Frameworks */ = {
			isa = PBXFrameworksBuildPhase;
			buildActionMask = 2147483647;
			files = (
				7B22BC09177F2EE200AB36E4 /* UIKit.framework in Frameworks */,
				7B22BC0B177F2EE200AB36E4 /* Foundation.framework in Frameworks */,
				7B22BC0D177F2EE200AB36E4 /* CoreGraphics.framework in Frameworks */,
				7B22BC0F177F2EE200AB36E4 /* CoreData.framework in Frameworks */,
			);
			runOnlyForDeploymentPostprocessing = 0;
		};
		7B22BC26177F2EE200AB36E4 /* Frameworks */ = {
			isa = PBXFrameworksBuildPhase;
			buildActionMask = 2147483647;
			files = (
				7B22BC2C177F2EE200AB36E4 /* SenTestingKit.framework in Frameworks */,
				7B22BC2D177F2EE200AB36E4 /* UIKit.framework in Frameworks */,
				7B22BC2E177F2EE200AB36E4 /* Foundation.framework in Frameworks */,
				7B22BC2F177F2EE200AB36E4 /* CoreData.framework in Frameworks */,
			);
			runOnlyForDeploymentPostprocessing = 0;
		};
/* End PBXFrameworksBuildPhase section */

/* Begin PBXGroup section */
		7B22BBFC177F2EE200AB36E4 = {
			isa = PBXGroup;
			children = (
				7B22BC10177F2EE200AB36E4 /* timelyManner */,
				7B22BC32177F2EE200AB36E4 /* timelyMannerTests */,
				7B22BC07177F2EE200AB36E4 /* Frameworks */,
				7B22BC06177F2EE200AB36E4 /* Products */,
			);
			sourceTree = "<group>";
		};
		7B22BC06177F2EE200AB36E4 /* Products */ = {
			isa = PBXGroup;
			children = (
				7B22BC05177F2EE200AB36E4 /* timelyManner.app */,
				7B22BC2A177F2EE200AB36E4 /* timelyMannerTests.octest */,
			);
			name = Products;
			sourceTree = "<group>";
		};
		7B22BC07177F2EE200AB36E4 /* Frameworks */ = {
			isa = PBXGroup;
			children = (
				7B22BC08177F2EE200AB36E4 /* UIKit.framework */,
				7B22BC0A177F2EE200AB36E4 /* Foundation.framework */,
				7B22BC0C177F2EE200AB36E4 /* CoreGraphics.framework */,
				7B22BC0E177F2EE200AB36E4 /* CoreData.framework */,
				7B22BC2B177F2EE200AB36E4 /* SenTestingKit.framework */,
			);
			name = Frameworks;
			sourceTree = "<group>";
		};
		7B22BC10177F2EE200AB36E4 /* timelyManner */ = {
			isa = PBXGroup;
			children = (
				7BA85A3317961C7800091845 /* Util */,
				7B8640FA1780CE090009350C /* Models */,
				7B351834177F323200E0FF72 /* Cells */,
				7B351830177F305700E0FF72 /* ViewControllers */,
				7B22BC19177F2EE200AB36E4 /* RIAppDelegate.h */,
				7B22BC1A177F2EE200AB36E4 /* RIAppDelegate.m */,
				7B35182E177F2FC700E0FF72 /* Storyboard.storyboard */,
				7B22BC11177F2EE200AB36E4 /* Supporting Files */,
			);
			path = timelyManner;
			sourceTree = "<group>";
		};
		7B22BC11177F2EE200AB36E4 /* Supporting Files */ = {
			isa = PBXGroup;
			children = (
				7B22BC12177F2EE200AB36E4 /* timelyManner-Info.plist */,
				7B22BC13177F2EE200AB36E4 /* InfoPlist.strings */,
				7B22BC16177F2EE200AB36E4 /* main.m */,
				7B22BC18177F2EE200AB36E4 /* timelyManner-Prefix.pch */,
				7B22BC1C177F2EE200AB36E4 /* Default.png */,
				7B22BC1E177F2EE200AB36E4 /* Default@2x.png */,
				7B22BC20177F2EE200AB36E4 /* Default-568h@2x.png */,
			);
			name = "Supporting Files";
			sourceTree = "<group>";
		};
		7B22BC32177F2EE200AB36E4 /* timelyMannerTests */ = {
			isa = PBXGroup;
			children = (
				7B22BC38177F2EE200AB36E4 /* timelyMannerTests.h */,
				7B22BC39177F2EE200AB36E4 /* timelyMannerTests.m */,
				7B22BC33177F2EE200AB36E4 /* Supporting Files */,
			);
			path = timelyMannerTests;
			sourceTree = "<group>";
		};
		7B22BC33177F2EE200AB36E4 /* Supporting Files */ = {
			isa = PBXGroup;
			children = (
				7B22BC34177F2EE200AB36E4 /* timelyMannerTests-Info.plist */,
				7B22BC35177F2EE200AB36E4 /* InfoPlist.strings */,
			);
			name = "Supporting Files";
			sourceTree = "<group>";
		};
		7B351830177F305700E0FF72 /* ViewControllers */ = {
			isa = PBXGroup;
			children = (
				7B96718017924AE1005D00E0 /* ActiveInstances */,
				7BA37E36178CE0EA00CAED39 /* TaskDetailViews */,
				7BBB6660178B97CD00F22C03 /* NewTasks */,
				7BA85A2B1796195600091845 /* StartInstance */,
				7BA85A371796426500091845 /* TaskList */,
			);
			name = ViewControllers;
			sourceTree = "<group>";
		};
		7B351834177F323200E0FF72 /* Cells */ = {
			isa = PBXGroup;
			children = (
				7B96717A17924554005D00E0 /* ActiveInstance */,
				7BA85A2C1796199A00091845 /* Task */,
				7BA85A3217961BA500091845 /* Instance */,
			);
			name = Cells;
			sourceTree = "<group>";
		};
		7B8640FA1780CE090009350C /* Models */ = {
			isa = PBXGroup;
			children = (
				7B22BC22177F2EE200AB36E4 /* timelyManner.xcdatamodeld */,
				7B9671841794D075005D00E0 /* Task.h */,
				7B9671851794D075005D00E0 /* Task.m */,
				7B8640FE1780CF9E0009350C /* Instance.h */,
				7B8640FF1780CF9E0009350C /* Instance.m */,
			);
			name = Models;
			sourceTree = "<group>";
		};
		7B96717A17924554005D00E0 /* ActiveInstance */ = {
			isa = PBXGroup;
			children = (
				7B96717E179246CA005D00E0 /* ActiveInstanceCell.xib */,
				7B96717B17924572005D00E0 /* RIActiveInstanceCell.h */,
				7B96717C17924572005D00E0 /* RIActiveInstanceCell.m */,
			);
			name = ActiveInstance;
			sourceTree = "<group>";
		};
		7B96718017924AE1005D00E0 /* ActiveInstances */ = {
			isa = PBXGroup;
			children = (
				7BBB665D178B954B00F22C03 /* RIActiveInstancesViewController.h */,
				7BBB665E178B954B00F22C03 /* RIActiveInstancesViewController.m */,
			);
			name = ActiveInstances;
			sourceTree = "<group>";
		};
		7BA37E36178CE0EA00CAED39 /* TaskDetailViews */ = {
			isa = PBXGroup;
			children = (
				7BA37E37178CE10C00CAED39 /* RIStopWatchDetailViewController.h */,
				7BA37E38178CE10D00CAED39 /* RIStopWatchDetailViewController.m */,
				7BA37E3A178CE11A00CAED39 /* RITimerDetailViewController.h */,
				7BA37E3B178CE11A00CAED39 /* RITimerDetailViewController.m */,
				7BA37E3D178CE12B00CAED39 /* RITripDetailViewController.h */,
				7BA37E3E178CE12B00CAED39 /* RITripDetailViewController.m */,
			);
			name = TaskDetailViews;
			sourceTree = "<group>";
		};
		7BA85A2B1796195600091845 /* StartInstance */ = {
			isa = PBXGroup;
			children = (
				7BA85A281796163B00091845 /* RIStartInstanceViewController.h */,
				7BA85A291796163B00091845 /* RIStartInstanceViewController.m */,
			);
			name = StartInstance;
			sourceTree = "<group>";
		};
		7BA85A2C1796199A00091845 /* Task */ = {
			isa = PBXGroup;
			children = (
				7B351835177F324400E0FF72 /* TaskCell.xib */,
				7B351837177F326200E0FF72 /* RITaskCell.h */,
				7B351838177F326200E0FF72 /* RITaskCell.m */,
			);
			name = Task;
			sourceTree = "<group>";
		};
		7BA85A3217961BA500091845 /* Instance */ = {
			isa = PBXGroup;
			children = (
				7BA85A30179619F300091845 /* InstanceCell.xib */,
				7BA85A2D179619E100091845 /* RIInstanceCell.h */,
				7BA85A2E179619E100091845 /* RIInstanceCell.m */,
			);
			name = Instance;
			sourceTree = "<group>";
		};
		7BA85A3317961C7800091845 /* Util */ = {
			isa = PBXGroup;
			children = (
				7BBB665A178B8E8400F22C03 /* RITaskManager.h */,
				7BBB665B178B8E8400F22C03 /* RITaskManager.m */,
				7BA85A3417961C8B00091845 /* RITimeHelper.h */,
				7BA85A3517961C8B00091845 /* RITimeHelper.m */,
			);
			name = Util;
			sourceTree = "<group>";
		};
		7BA85A371796426500091845 /* TaskList */ = {
			isa = PBXGroup;
			children = (
				7B351831177F307300E0FF72 /* RITasksViewController.h */,
				7B351832177F307300E0FF72 /* RITasksViewController.m */,
			);
			name = TaskList;
			sourceTree = "<group>";
		};
		7BBB6660178B97CD00F22C03 /* NewTasks */ = {
			isa = PBXGroup;
			children = (
				7BBB6657178B8AF400F22C03 /* RICreateStopWatchTaskViewController.h */,
				7BBB6658178B8AF400F22C03 /* RICreateStopWatchTaskViewController.m */,
				7BBB6661178B97F100F22C03 /* RICreateTimerTaskViewController.h */,
				7BBB6662178B97F100F22C03 /* RICreateTimerTaskViewController.m */,
				7BBB6664178B980500F22C03 /* RICreateTripTaskViewController.h */,
				7BBB6665178B980500F22C03 /* RICreateTripTaskViewController.m */,
				7BBB6654178B874800F22C03 /* RICreateTaskViewController.h */,
				7BBB6655178B874800F22C03 /* RICreateTaskViewController.m */,
			);
			name = NewTasks;
			sourceTree = "<group>";
		};
/* End PBXGroup section */

/* Begin PBXNativeTarget section */
		7B22BC04177F2EE200AB36E4 /* timelyManner */ = {
			isa = PBXNativeTarget;
			buildConfigurationList = 7B22BC3D177F2EE200AB36E4 /* Build configuration list for PBXNativeTarget "timelyManner" */;
			buildPhases = (
				7B22BC01177F2EE200AB36E4 /* Sources */,
				7B22BC02177F2EE200AB36E4 /* Frameworks */,
				7B22BC03177F2EE200AB36E4 /* Resources */,
			);
			buildRules = (
			);
			dependencies = (
			);
			name = timelyManner;
			productName = timelyManner;
			productReference = 7B22BC05177F2EE200AB36E4 /* timelyManner.app */;
			productType = "com.apple.product-type.application";
		};
		7B22BC29177F2EE200AB36E4 /* timelyMannerTests */ = {
			isa = PBXNativeTarget;
			buildConfigurationList = 7B22BC40177F2EE200AB36E4 /* Build configuration list for PBXNativeTarget "timelyMannerTests" */;
			buildPhases = (
				7B22BC25177F2EE200AB36E4 /* Sources */,
				7B22BC26177F2EE200AB36E4 /* Frameworks */,
				7B22BC27177F2EE200AB36E4 /* Resources */,
				7B22BC28177F2EE200AB36E4 /* ShellScript */,
			);
			buildRules = (
			);
			dependencies = (
				7B22BC31177F2EE200AB36E4 /* PBXTargetDependency */,
			);
			name = timelyMannerTests;
			productName = timelyMannerTests;
			productReference = 7B22BC2A177F2EE200AB36E4 /* timelyMannerTests.octest */;
			productType = "com.apple.product-type.bundle";
		};
/* End PBXNativeTarget section */

/* Begin PBXProject section */
		7B22BBFD177F2EE200AB36E4 /* Project object */ = {
			isa = PBXProject;
			attributes = {
				CLASSPREFIX = RI;
				LastUpgradeCheck = 0460;
				ORGANIZATIONNAME = "Rhombus Inc";
			};
			buildConfigurationList = 7B22BC00177F2EE200AB36E4 /* Build configuration list for PBXProject "timelyManner" */;
			compatibilityVersion = "Xcode 3.2";
			developmentRegion = English;
			hasScannedForEncodings = 0;
			knownRegions = (
				en,
			);
			mainGroup = 7B22BBFC177F2EE200AB36E4;
			productRefGroup = 7B22BC06177F2EE200AB36E4 /* Products */;
			projectDirPath = "";
			projectRoot = "";
			targets = (
				7B22BC04177F2EE200AB36E4 /* timelyManner */,
				7B22BC29177F2EE200AB36E4 /* timelyMannerTests */,
			);
		};
/* End PBXProject section */

/* Begin PBXResourcesBuildPhase section */
		7B22BC03177F2EE200AB36E4 /* Resources */ = {
			isa = PBXResourcesBuildPhase;
			buildActionMask = 2147483647;
			files = (
				7B22BC15177F2EE200AB36E4 /* InfoPlist.strings in Resources */,
				7B22BC1D177F2EE200AB36E4 /* Default.png in Resources */,
				7B22BC1F177F2EE200AB36E4 /* Default@2x.png in Resources */,
				7B22BC21177F2EE200AB36E4 /* Default-568h@2x.png in Resources */,
				7B35182F177F2FC700E0FF72 /* Storyboard.storyboard in Resources */,
				7B351836177F324400E0FF72 /* TaskCell.xib in Resources */,
				7B96717F179246CB005D00E0 /* ActiveInstanceCell.xib in Resources */,
				7BA85A31179619F300091845 /* InstanceCell.xib in Resources */,
			);
			runOnlyForDeploymentPostprocessing = 0;
		};
		7B22BC27177F2EE200AB36E4 /* Resources */ = {
			isa = PBXResourcesBuildPhase;
			buildActionMask = 2147483647;
			files = (
				7B22BC37177F2EE200AB36E4 /* InfoPlist.strings in Resources */,
			);
			runOnlyForDeploymentPostprocessing = 0;
		};
/* End PBXResourcesBuildPhase section */

/* Begin PBXShellScriptBuildPhase section */
		7B22BC28177F2EE200AB36E4 /* ShellScript */ = {
			isa = PBXShellScriptBuildPhase;
			buildActionMask = 2147483647;
			files = (
			);
			inputPaths = (
			);
			outputPaths = (
			);
			runOnlyForDeploymentPostprocessing = 0;
			shellPath = /bin/sh;
			shellScript = "# Run the unit tests in this test bundle.\n\"${SYSTEM_DEVELOPER_DIR}/Tools/RunUnitTests\"\n";
		};
/* End PBXShellScriptBuildPhase section */

/* Begin PBXSourcesBuildPhase section */
		7B22BC01177F2EE200AB36E4 /* Sources */ = {
			isa = PBXSourcesBuildPhase;
			buildActionMask = 2147483647;
			files = (
				7B22BC17177F2EE200AB36E4 /* main.m in Sources */,
				7B22BC1B177F2EE200AB36E4 /* RIAppDelegate.m in Sources */,
				7B22BC24177F2EE200AB36E4 /* timelyManner.xcdatamodeld in Sources */,
				7B351833177F307300E0FF72 /* RITasksViewController.m in Sources */,
				7B351839177F326200E0FF72 /* RITaskCell.m in Sources */,
				7B8641001780CF9E0009350C /* Instance.m in Sources */,
				7BBB6656178B874800F22C03 /* RICreateTaskViewController.m in Sources */,
				7BBB6659178B8AF400F22C03 /* RICreateStopWatchTaskViewController.m in Sources */,
				7BBB665C178B8E8400F22C03 /* RITaskManager.m in Sources */,
				7BBB665F178B954B00F22C03 /* RIActiveInstancesViewController.m in Sources */,
				7BBB6663178B97F100F22C03 /* RICreateTimerTaskViewController.m in Sources */,
				7BBB6666178B980500F22C03 /* RICreateTripTaskViewController.m in Sources */,
				7BA37E39178CE10D00CAED39 /* RIStopWatchDetailViewController.m in Sources */,
				7BA37E3C178CE11A00CAED39 /* RITimerDetailViewController.m in Sources */,
				7BA37E3F178CE12B00CAED39 /* RITripDetailViewController.m in Sources */,
				7B96717D17924572005D00E0 /* RIActiveInstanceCell.m in Sources */,
				7B9671861794D075005D00E0 /* Task.m in Sources */,
				7BA85A2A1796163B00091845 /* RIStartInstanceViewController.m in Sources */,
				7BA85A2F179619E100091845 /* RIInstanceCell.m in Sources */,
				7BA85A3617961C8B00091845 /* RITimeHelper.m in Sources */,
			);
			runOnlyForDeploymentPostprocessing = 0;
		};
		7B22BC25177F2EE200AB36E4 /* Sources */ = {
			isa = PBXSourcesBuildPhase;
			buildActionMask = 2147483647;
			files = (
				7B22BC3A177F2EE200AB36E4 /* timelyMannerTests.m in Sources */,
			);
			runOnlyForDeploymentPostprocessing = 0;
		};
/* End PBXSourcesBuildPhase section */

/* Begin PBXTargetDependency section */
		7B22BC31177F2EE200AB36E4 /* PBXTargetDependency */ = {
			isa = PBXTargetDependency;
			target = 7B22BC04177F2EE200AB36E4 /* timelyManner */;
			targetProxy = 7B22BC30177F2EE200AB36E4 /* PBXContainerItemProxy */;
		};
/* End PBXTargetDependency section */

/* Begin PBXVariantGroup section */
		7B22BC13177F2EE200AB36E4 /* InfoPlist.strings */ = {
			isa = PBXVariantGroup;
			children = (
				7B22BC14177F2EE200AB36E4 /* en */,
			);
			name = InfoPlist.strings;
			sourceTree = "<group>";
		};
		7B22BC35177F2EE200AB36E4 /* InfoPlist.strings */ = {
			isa = PBXVariantGroup;
			children = (
				7B22BC36177F2EE200AB36E4 /* en */,
			);
			name = InfoPlist.strings;
			sourceTree = "<group>";
		};
/* End PBXVariantGroup section */

/* Begin XCBuildConfiguration section */
		7B22BC3B177F2EE200AB36E4 /* Debug */ = {
			isa = XCBuildConfiguration;
			buildSettings = {
				ALWAYS_SEARCH_USER_PATHS = NO;
				CLANG_CXX_LANGUAGE_STANDARD = "gnu++0x";
				CLANG_CXX_LIBRARY = "libc++";
				CLANG_ENABLE_OBJC_ARC = YES;
				CLANG_WARN_CONSTANT_CONVERSION = YES;
				CLANG_WARN_EMPTY_BODY = YES;
				CLANG_WARN_ENUM_CONVERSION = YES;
				CLANG_WARN_INT_CONVERSION = YES;
				CLANG_WARN__DUPLICATE_METHOD_MATCH = YES;
				"CODE_SIGN_IDENTITY[sdk=iphoneos*]" = "iPhone Developer";
				COPY_PHASE_STRIP = NO;
				GCC_C_LANGUAGE_STANDARD = gnu99;
				GCC_DYNAMIC_NO_PIC = NO;
				GCC_OPTIMIZATION_LEVEL = 0;
				GCC_PREPROCESSOR_DEFINITIONS = (
					"DEBUG=1",
					"$(inherited)",
				);
				GCC_SYMBOLS_PRIVATE_EXTERN = NO;
				GCC_WARN_ABOUT_RETURN_TYPE = YES;
				GCC_WARN_UNINITIALIZED_AUTOS = YES;
				GCC_WARN_UNUSED_VARIABLE = YES;
				IPHONEOS_DEPLOYMENT_TARGET = 6.1;
				ONLY_ACTIVE_ARCH = YES;
				SDKROOT = iphoneos;
			};
			name = Debug;
		};
		7B22BC3C177F2EE200AB36E4 /* Release */ = {
			isa = XCBuildConfiguration;
			buildSettings = {
				ALWAYS_SEARCH_USER_PATHS = NO;
				CLANG_CXX_LANGUAGE_STANDARD = "gnu++0x";
				CLANG_CXX_LIBRARY = "libc++";
				CLANG_ENABLE_OBJC_ARC = YES;
				CLANG_WARN_CONSTANT_CONVERSION = YES;
				CLANG_WARN_EMPTY_BODY = YES;
				CLANG_WARN_ENUM_CONVERSION = YES;
				CLANG_WARN_INT_CONVERSION = YES;
				CLANG_WARN__DUPLICATE_METHOD_MATCH = YES;
				"CODE_SIGN_IDENTITY[sdk=iphoneos*]" = "iPhone Developer";
				COPY_PHASE_STRIP = YES;
				GCC_C_LANGUAGE_STANDARD = gnu99;
				GCC_WARN_ABOUT_RETURN_TYPE = YES;
				GCC_WARN_UNINITIALIZED_AUTOS = YES;
				GCC_WARN_UNUSED_VARIABLE = YES;
				IPHONEOS_DEPLOYMENT_TARGET = 6.1;
				OTHER_CFLAGS = "-DNS_BLOCK_ASSERTIONS=1";
				SDKROOT = iphoneos;
				VALIDATE_PRODUCT = YES;
			};
			name = Release;
		};
		7B22BC3E177F2EE200AB36E4 /* Debug */ = {
			isa = XCBuildConfiguration;
			buildSettings = {
				GCC_PRECOMPILE_PREFIX_HEADER = YES;
				GCC_PREFIX_HEADER = "timelyManner/timelyManner-Prefix.pch";
				INFOPLIST_FILE = "timelyManner/timelyManner-Info.plist";
				PRODUCT_NAME = "$(TARGET_NAME)";
				WRAPPER_EXTENSION = app;
			};
			name = Debug;
		};
		7B22BC3F177F2EE200AB36E4 /* Release */ = {
			isa = XCBuildConfiguration;
			buildSettings = {
				GCC_PRECOMPILE_PREFIX_HEADER = YES;
				GCC_PREFIX_HEADER = "timelyManner/timelyManner-Prefix.pch";
				INFOPLIST_FILE = "timelyManner/timelyManner-Info.plist";
				PRODUCT_NAME = "$(TARGET_NAME)";
				WRAPPER_EXTENSION = app;
			};
			name = Release;
		};
		7B22BC41177F2EE200AB36E4 /* Debug */ = {
			isa = XCBuildConfiguration;
			buildSettings = {
				BUNDLE_LOADER = "$(BUILT_PRODUCTS_DIR)/timelyManner.app/timelyManner";
				FRAMEWORK_SEARCH_PATHS = (
					"\"$(SDKROOT)/Developer/Library/Frameworks\"",
					"\"$(DEVELOPER_LIBRARY_DIR)/Frameworks\"",
				);
				GCC_PRECOMPILE_PREFIX_HEADER = YES;
				GCC_PREFIX_HEADER = "timelyManner/timelyManner-Prefix.pch";
				INFOPLIST_FILE = "timelyMannerTests/timelyMannerTests-Info.plist";
				PRODUCT_NAME = "$(TARGET_NAME)";
				TEST_HOST = "$(BUNDLE_LOADER)";
				WRAPPER_EXTENSION = octest;
			};
			name = Debug;
		};
		7B22BC42177F2EE200AB36E4 /* Release */ = {
			isa = XCBuildConfiguration;
			buildSettings = {
				BUNDLE_LOADER = "$(BUILT_PRODUCTS_DIR)/timelyManner.app/timelyManner";
				FRAMEWORK_SEARCH_PATHS = (
					"\"$(SDKROOT)/Developer/Library/Frameworks\"",
					"\"$(DEVELOPER_LIBRARY_DIR)/Frameworks\"",
				);
				GCC_PRECOMPILE_PREFIX_HEADER = YES;
				GCC_PREFIX_HEADER = "timelyManner/timelyManner-Prefix.pch";
				INFOPLIST_FILE = "timelyMannerTests/timelyMannerTests-Info.plist";
				PRODUCT_NAME = "$(TARGET_NAME)";
				TEST_HOST = "$(BUNDLE_LOADER)";
				WRAPPER_EXTENSION = octest;
			};
			name = Release;
		};
/* End XCBuildConfiguration section */

/* Begin XCConfigurationList section */
		7B22BC00177F2EE200AB36E4 /* Build configuration list for PBXProject "timelyManner" */ = {
			isa = XCConfigurationList;
			buildConfigurations = (
				7B22BC3B177F2EE200AB36E4 /* Debug */,
				7B22BC3C177F2EE200AB36E4 /* Release */,
			);
			defaultConfigurationIsVisible = 0;
			defaultConfigurationName = Release;
		};
		7B22BC3D177F2EE200AB36E4 /* Build configuration list for PBXNativeTarget "timelyManner" */ = {
			isa = XCConfigurationList;
			buildConfigurations = (
				7B22BC3E177F2EE200AB36E4 /* Debug */,
				7B22BC3F177F2EE200AB36E4 /* Release */,
			);
			defaultConfigurationIsVisible = 0;
			defaultConfigurationName = Release;
		};
		7B22BC40177F2EE200AB36E4 /* Build configuration list for PBXNativeTarget "timelyMannerTests" */ = {
			isa = XCConfigurationList;
			buildConfigurations = (
				7B22BC41177F2EE200AB36E4 /* Debug */,
				7B22BC42177F2EE200AB36E4 /* Release */,
			);
			defaultConfigurationIsVisible = 0;
			defaultConfigurationName = Release;
		};
/* End XCConfigurationList section */

/* Begin XCVersionGroup section */
		7B22BC22177F2EE200AB36E4 /* timelyManner.xcdatamodeld */ = {
			isa = XCVersionGroup;
			children = (
				7B22BC23177F2EE200AB36E4 /* timelyManner.xcdatamodel */,
			);
			currentVersion = 7B22BC23177F2EE200AB36E4 /* timelyManner.xcdatamodel */;
			path = timelyManner.xcdatamodeld;
			sourceTree = "<group>";
			versionGroupType = wrapper.xcdatamodel;
		};
/* End XCVersionGroup section */
	};
	rootObject = 7B22BBFD177F2EE200AB36E4 /* Project object */;
}
